
Microsoft Visual Studio Solution File, Format Version 12.00
# Visual Studio 15
VisualStudioVersion = 15.0.27428.2027
MinimumVisualStudioVersion = 10.0.40219.1
Project("{9A19103F-16F7-4668-BE54-9A1E7A4F7556}") = "AspNetCoreVueTsPOC", "AspNetCoreVueTsPOC.csproj", "{DBC78E97-1295-4771-9A75-03246447AEBE}"
EndProject
Global
	GlobalSection(SolutionConfigurationPlatforms) = preSolution
		Debug|Any CPU = Debug|Any CPU
		Release|Any CPU = Release|Any CPU
	EndGlobalSection
	GlobalSection(ProjectConfigurationPlatforms) = postSolution
		{DBC78E97-1295-4771-9A75-03246447AEBE}.Debug|Any CPU.ActiveCfg = Debug|Any CPU
		{DBC78E97-1295-4771-9A75-03246447AEBE}.Debug|Any CPU.Build.0 = Debug|Any CPU
		{DBC78E97-1295-4771-9A75-03246447AEBE}.Release|Any CPU.ActiveCfg = Release|Any CPU
		{DBC78E97-1295-4771-9A75-03246447AEBE}.Release|Any CPU.Build.0 = Release|Any CPU
	EndGlobalSection
	GlobalSection(SolutionProperties) = preSolution
		HideSolutionNode = FALSE
	EndGlobalSection
	GlobalSection(ExtensibilityGlobals) = postSolution
		SolutionGuid = {EC34B19C-FF2A-4C85-A234-1F5FA266E0DF}
	EndGlobalSection
EndGlobal
